
Microsoft Visual Studio Solution File, Format Version 12.00
# Visual Studio Version 16
VisualStudioVersion = 16.0.30907.101
MinimumVisualStudioVersion = 10.0.40219.1
Project("{9A19103F-16F7-4668-BE54-9A1E7A4F7556}") = "KampIntro", "KampIntro\KampIntro.csproj", "{ABB067CA-6E97-46B1-B75B-00540DD900E4}"
EndProject
Project("{9A19103F-16F7-4668-BE54-9A1E7A4F7556}") = "Donguler", "Donguler\Donguler.csproj", "{F863142E-DA2C-482F-B009-93C7D1351A66}"
EndProject
Project("{9A19103F-16F7-4668-BE54-9A1E7A4F7556}") = "ClassIntro", "ClassIntro\ClassIntro.csproj", "{E8C2BBB9-9004-4952-983A-F9C6727ADB6F}"
EndProject
Project("{9A19103F-16F7-4668-BE54-9A1E7A4F7556}") = "Metotlar", "Metotlar\Metotlar.csproj", "{765FE281-9C23-40AA-872B-C301E7384814}"
EndProject
Project("{9A19103F-16F7-4668-BE54-9A1E7A4F7556}") = "Matematik", "Matematik\Matematik.csproj", "{01CEB88F-418B-43D0-924B-3C0293A4DF32}"
EndProject
Project("{9A19103F-16F7-4668-BE54-9A1E7A4F7556}") = "DegerVeReferansTipler", "DegerVeReferansTipler\DegerVeReferansTipler.csproj", "{5EB7F7F4-FE70-4903-91AA-E3214F826686}"
EndProject
Project("{9A19103F-16F7-4668-BE54-9A1E7A4F7556}") = "OOP1", "OOP1\OOP1.csproj", "{A154D73D-5418-4468-8FF8-2F9EDB68842C}"
EndProject
Project("{9A19103F-16F7-4668-BE54-9A1E7A4F7556}") = "Koleksiyonlar", "Koleksiyonlar\Koleksiyonlar.csproj", "{3EF9B9F5-D47D-4FF3-A549-458C76DE8043}"
EndProject
Project("{9A19103F-16F7-4668-BE54-9A1E7A4F7556}") = "GenericsIntro", "GenericsIntro\GenericsIntro.csproj", "{200DE0FB-8B90-4FF7-B027-A7148CCA2DBD}"
EndProject
Project("{9A19103F-16F7-4668-BE54-9A1E7A4F7556}") = "MyDictionary", "MyDictionary\MyDictionary.csproj", "{3C9247B6-20CD-4A59-886D-27DCECE4BB50}"
EndProject
Project("{9A19103F-16F7-4668-BE54-9A1E7A4F7556}") = "OOP2", "OOP2\OOP2.csproj", "{B7696BBA-2231-4EFB-8EC7-226FF960CBE3}"
EndProject
Project("{FAE04EC0-301F-11D3-BF4B-00C04F79EFBC}") = "OOP3", "OOP3\OOP3.csproj", "{B078E67A-CFB6-4CCA-ACAE-7AAEA7F1A484}"
EndProject
Global
	GlobalSection(SolutionConfigurationPlatforms) = preSolution
		Debug|Any CPU = Debug|Any CPU
		Release|Any CPU = Release|Any CPU
	EndGlobalSection
	GlobalSection(ProjectConfigurationPlatforms) = postSolution
		{ABB067CA-6E97-46B1-B75B-00540DD900E4}.Debug|Any CPU.ActiveCfg = Debug|Any CPU
		{ABB067CA-6E97-46B1-B75B-00540DD900E4}.Debug|Any CPU.Build.0 = Debug|Any CPU
		{ABB067CA-6E97-46B1-B75B-00540DD900E4}.Release|Any CPU.ActiveCfg = Release|Any CPU
		{ABB067CA-6E97-46B1-B75B-00540DD900E4}.Release|Any CPU.Build.0 = Release|Any CPU
		{F863142E-DA2C-482F-B009-93C7D1351A66}.Debug|Any CPU.ActiveCfg = Debug|Any CPU
		{F863142E-DA2C-482F-B009-93C7D1351A66}.Debug|Any CPU.Build.0 = Debug|Any CPU
		{F863142E-DA2C-482F-B009-93C7D1351A66}.Release|Any CPU.ActiveCfg = Release|Any CPU
		{F863142E-DA2C-482F-B009-93C7D1351A66}.Release|Any CPU.Build.0 = Release|Any CPU
		{E8C2BBB9-9004-4952-983A-F9C6727ADB6F}.Debug|Any CPU.ActiveCfg = Debug|Any CPU
		{E8C2BBB9-9004-4952-983A-F9C6727ADB6F}.Debug|Any CPU.Build.0 = Debug|Any CPU
		{E8C2BBB9-9004-4952-983A-F9C6727ADB6F}.Release|Any CPU.ActiveCfg = Release|Any CPU
		{E8C2BBB9-9004-4952-983A-F9C6727ADB6F}.Release|Any CPU.Build.0 = Release|Any CPU
		{765FE281-9C23-40AA-872B-C301E7384814}.Debug|Any CPU.ActiveCfg = Debug|Any CPU
		{765FE281-9C23-40AA-872B-C301E7384814}.Debug|Any CPU.Build.0 = Debug|Any CPU
		{765FE281-9C23-40AA-872B-C301E7384814}.Release|Any CPU.ActiveCfg = Release|Any CPU
		{765FE281-9C23-40AA-872B-C301E7384814}.Release|Any CPU.Build.0 = Release|Any CPU
		{01CEB88F-418B-43D0-924B-3C0293A4DF32}.Debug|Any CPU.ActiveCfg = Debug|Any CPU
		{01CEB88F-418B-43D0-924B-3C0293A4DF32}.Debug|Any CPU.Build.0 = Debug|Any CPU
		{01CEB88F-418B-43D0-924B-3C0293A4DF32}.Release|Any CPU.ActiveCfg = Release|Any CPU
		{01CEB88F-418B-43D0-924B-3C0293A4DF32}.Release|Any CPU.Build.0 = Release|Any CPU
		{5EB7F7F4-FE70-4903-91AA-E3214F826686}.Debug|Any CPU.ActiveCfg = Debug|Any CPU
		{5EB7F7F4-FE70-4903-91AA-E3214F826686}.Debug|Any CPU.Build.0 = Debug|Any CPU
		{5EB7F7F4-FE70-4903-91AA-E3214F826686}.Release|Any CPU.ActiveCfg = Release|Any CPU
		{5EB7F7F4-FE70-4903-91AA-E3214F826686}.Release|Any CPU.Build.0 = Release|Any CPU
		{A154D73D-5418-4468-8FF8-2F9EDB68842C}.Debug|Any CPU.ActiveCfg = Debug|Any CPU
		{A154D73D-5418-4468-8FF8-2F9EDB68842C}.Debug|Any CPU.Build.0 = Debug|Any CPU
		{A154D73D-5418-4468-8FF8-2F9EDB68842C}.Release|Any CPU.ActiveCfg = Release|Any CPU
		{A154D73D-5418-4468-8FF8-2F9EDB68842C}.Release|Any CPU.Build.0 = Release|Any CPU
		{3EF9B9F5-D47D-4FF3-A549-458C76DE8043}.Debug|Any CPU.ActiveCfg = Debug|Any CPU
		{3EF9B9F5-D47D-4FF3-A549-458C76DE8043}.Debug|Any CPU.Build.0 = Debug|Any CPU
		{3EF9B9F5-D47D-4FF3-A549-458C76DE8043}.Release|Any CPU.ActiveCfg = Release|Any CPU
		{3EF9B9F5-D47D-4FF3-A549-458C76DE8043}.Release|Any CPU.Build.0 = Release|Any CPU
		{200DE0FB-8B90-4FF7-B027-A7148CCA2DBD}.Debug|Any CPU.ActiveCfg = Debug|Any CPU
		{200DE0FB-8B90-4FF7-B027-A7148CCA2DBD}.Debug|Any CPU.Build.0 = Debug|Any CPU
		{200DE0FB-8B90-4FF7-B027-A7148CCA2DBD}.Release|Any CPU.ActiveCfg = Release|Any CPU
		{200DE0FB-8B90-4FF7-B027-A7148CCA2DBD}.Release|Any CPU.Build.0 = Release|Any CPU
		{3C9247B6-20CD-4A59-886D-27DCECE4BB50}.Debug|Any CPU.ActiveCfg = Debug|Any CPU
		{3C9247B6-20CD-4A59-886D-27DCECE4BB50}.Debug|Any CPU.Build.0 = Debug|Any CPU
		{3C9247B6-20CD-4A59-886D-27DCECE4BB50}.Release|Any CPU.ActiveCfg = Release|Any CPU
		{3C9247B6-20CD-4A59-886D-27DCECE4BB50}.Release|Any CPU.Build.0 = Release|Any CPU
		{B7696BBA-2231-4EFB-8EC7-226FF960CBE3}.Debug|Any CPU.ActiveCfg = Debug|Any CPU
		{B7696BBA-2231-4EFB-8EC7-226FF960CBE3}.Debug|Any CPU.Build.0 = Debug|Any CPU
		{B7696BBA-2231-4EFB-8EC7-226FF960CBE3}.Release|Any CPU.ActiveCfg = Release|Any CPU
		{B7696BBA-2231-4EFB-8EC7-226FF960CBE3}.Release|Any CPU.Build.0 = Release|Any CPU
		{B078E67A-CFB6-4CCA-ACAE-7AAEA7F1A484}.Debug|Any CPU.ActiveCfg = Debug|Any CPU
		{B078E67A-CFB6-4CCA-ACAE-7AAEA7F1A484}.Debug|Any CPU.Build.0 = Debug|Any CPU
		{B078E67A-CFB6-4CCA-ACAE-7AAEA7F1A484}.Release|Any CPU.ActiveCfg = Release|Any CPU
		{B078E67A-CFB6-4CCA-ACAE-7AAEA7F1A484}.Release|Any CPU.Build.0 = Release|Any CPU
	EndGlobalSection
	GlobalSection(SolutionProperties) = preSolution
		HideSolutionNode = FALSE
	EndGlobalSection
	GlobalSection(ExtensibilityGlobals) = postSolution
		SolutionGuid = {0285F593-B7BF-4602-9CA9-48E39361B351}
	EndGlobalSection
EndGlobal
