
Microsoft Visual Studio Solution File, Format Version 12.00
# Visual Studio Version 16
VisualStudioVersion = 16.0.30907.101
MinimumVisualStudioVersion = 10.0.40219.1
Project("{FAE04EC0-301F-11D3-BF4B-00C04F79EFBC}") = "KampIntro", "KampIntro\KampIntro.csproj", "{B9CA6E00-AD9E-4353-AD1A-E82FBC657D2F}"
EndProject
Global
	GlobalSection(SolutionConfigurationPlatforms) = preSolution
		Debug|Any CPU = Debug|Any CPU
		Release|Any CPU = Release|Any CPU
	EndGlobalSection
	GlobalSection(ProjectConfigurationPlatforms) = postSolution
		{B9CA6E00-AD9E-4353-AD1A-E82FBC657D2F}.Debug|Any CPU.ActiveCfg = Debug|Any CPU
		{B9CA6E00-AD9E-4353-AD1A-E82FBC657D2F}.Debug|Any CPU.Build.0 = Debug|Any CPU
		{B9CA6E00-AD9E-4353-AD1A-E82FBC657D2F}.Release|Any CPU.ActiveCfg = Release|Any CPU
		{B9CA6E00-AD9E-4353-AD1A-E82FBC657D2F}.Release|Any CPU.Build.0 = Release|Any CPU
	EndGlobalSection
	GlobalSection(SolutionProperties) = preSolution
		HideSolutionNode = FALSE
	EndGlobalSection
	GlobalSection(ExtensibilityGlobals) = postSolution
		SolutionGuid = {8EE9DA28-8A0B-4276-9B25-68E9FD3831BC}
	EndGlobalSection
EndGlobal
